
Microsoft Visual Studio Solution File, Format Version 12.00
# Visual Studio 15
VisualStudioVersion = 15.0.28010.2048
MinimumVisualStudioVersion = 10.0.40219.1
Project("{2150E333-8FDC-42A3-9474-1A3956D46DE8}") = "C2", "C2", "{931E9837-E2CF-4281-B348-A7393C3D6FDE}"
EndProject
Project("{FAE04EC0-301F-11D3-BF4B-00C04F79EFBC}") = "UsingClassesAndStructs", "UsingClassesAndStructs\UsingClassesAndStructs.csproj", "{73F3EC28-F270-400F-8C87-1023F66AAF07}"
EndProject
Project("{2150E333-8FDC-42A3-9474-1A3956D46DE8}") = "C3", "C3", "{0DF6820B-43B4-49D2-BED5-953D00214EC7}"
EndProject
Project("{FAE04EC0-301F-11D3-BF4B-00C04F79EFBC}") = "ProgrammaticFlow", "ProgrammaticFlow\ProgrammaticFlow.csproj", "{01B2DDCA-9984-449E-89B8-3B5B69042A70}"
EndProject
Project("{FAE04EC0-301F-11D3-BF4B-00C04F79EFBC}") = "WorkingWithStrings", "WorkingWithStrings\WorkingWithStrings.csproj", "{0F49919F-4BEB-4399-9850-1AD7860EFA53}"
EndProject
Project("{2150E333-8FDC-42A3-9474-1A3956D46DE8}") = "C4", "C4", "{C2559B5C-4541-4E1F-9A86-6E891E1AA908}"
EndProject
Project("{FAE04EC0-301F-11D3-BF4B-00C04F79EFBC}") = "CodeReflectionAndGC", "CodeReflectionAndGC\CodeReflectionAndGC.csproj", "{BC6566E4-480D-45D9-9A37-CB667F1E1E7A}"
EndProject
Project("{2150E333-8FDC-42A3-9474-1A3956D46DE8}") = "C5", "C5", "{306D1F60-3235-4997-9983-8F6641E34B14}"
EndProject
Project("{FAE04EC0-301F-11D3-BF4B-00C04F79EFBC}") = "ValidationAndEncryptionTechniques", "ValidationAndEncryptionTechniques\ValidationAndEncryptionTechniques.csproj", "{4BB07F3E-09EC-4CD2-BF73-114CB0B83481}"
EndProject
Project("{2150E333-8FDC-42A3-9474-1A3956D46DE8}") = "C7", "C7", "{AFAFA61C-E65F-4E65-A0F3-8EB56F443B31}"
EndProject
Project("{FAE04EC0-301F-11D3-BF4B-00C04F79EFBC}") = "WorkingFileSystem", "WorkingFileSystem\WorkingFileSystem.csproj", "{620BBD35-EA29-46C4-9D8E-340782AB49ED}"
EndProject
Project("{FAE04EC0-301F-11D3-BF4B-00C04F79EFBC}") = "WorkingWebServices", "WorkingWebServices\WorkingWebServices.csproj", "{FEEF91D9-2DAF-42CF-A277-635C7B52FDAE}"
EndProject
Project("{FAE04EC0-301F-11D3-BF4B-00C04F79EFBC}") = "WcfRest", "WcfRest\WcfRest.csproj", "{B65A2CFC-9EB4-4032-B2B1-2A51F079A6D5}"
EndProject
Global
	GlobalSection(SolutionConfigurationPlatforms) = preSolution
		Debug|Any CPU = Debug|Any CPU
		Release|Any CPU = Release|Any CPU
	EndGlobalSection
	GlobalSection(ProjectConfigurationPlatforms) = postSolution
		{73F3EC28-F270-400F-8C87-1023F66AAF07}.Debug|Any CPU.ActiveCfg = Debug|Any CPU
		{73F3EC28-F270-400F-8C87-1023F66AAF07}.Debug|Any CPU.Build.0 = Debug|Any CPU
		{73F3EC28-F270-400F-8C87-1023F66AAF07}.Release|Any CPU.ActiveCfg = Release|Any CPU
		{73F3EC28-F270-400F-8C87-1023F66AAF07}.Release|Any CPU.Build.0 = Release|Any CPU
		{01B2DDCA-9984-449E-89B8-3B5B69042A70}.Debug|Any CPU.ActiveCfg = Debug|Any CPU
		{01B2DDCA-9984-449E-89B8-3B5B69042A70}.Debug|Any CPU.Build.0 = Debug|Any CPU
		{01B2DDCA-9984-449E-89B8-3B5B69042A70}.Release|Any CPU.ActiveCfg = Release|Any CPU
		{01B2DDCA-9984-449E-89B8-3B5B69042A70}.Release|Any CPU.Build.0 = Release|Any CPU
		{0F49919F-4BEB-4399-9850-1AD7860EFA53}.Debug|Any CPU.ActiveCfg = Debug|Any CPU
		{0F49919F-4BEB-4399-9850-1AD7860EFA53}.Debug|Any CPU.Build.0 = Debug|Any CPU
		{0F49919F-4BEB-4399-9850-1AD7860EFA53}.Release|Any CPU.ActiveCfg = Release|Any CPU
		{0F49919F-4BEB-4399-9850-1AD7860EFA53}.Release|Any CPU.Build.0 = Release|Any CPU
		{BC6566E4-480D-45D9-9A37-CB667F1E1E7A}.Debug|Any CPU.ActiveCfg = Debug|Any CPU
		{BC6566E4-480D-45D9-9A37-CB667F1E1E7A}.Debug|Any CPU.Build.0 = Debug|Any CPU
		{BC6566E4-480D-45D9-9A37-CB667F1E1E7A}.Release|Any CPU.ActiveCfg = Release|Any CPU
		{BC6566E4-480D-45D9-9A37-CB667F1E1E7A}.Release|Any CPU.Build.0 = Release|Any CPU
		{4BB07F3E-09EC-4CD2-BF73-114CB0B83481}.Debug|Any CPU.ActiveCfg = Debug|Any CPU
		{4BB07F3E-09EC-4CD2-BF73-114CB0B83481}.Debug|Any CPU.Build.0 = Debug|Any CPU
		{4BB07F3E-09EC-4CD2-BF73-114CB0B83481}.Release|Any CPU.ActiveCfg = Release|Any CPU
		{4BB07F3E-09EC-4CD2-BF73-114CB0B83481}.Release|Any CPU.Build.0 = Release|Any CPU
		{620BBD35-EA29-46C4-9D8E-340782AB49ED}.Debug|Any CPU.ActiveCfg = Debug|Any CPU
		{620BBD35-EA29-46C4-9D8E-340782AB49ED}.Debug|Any CPU.Build.0 = Debug|Any CPU
		{620BBD35-EA29-46C4-9D8E-340782AB49ED}.Release|Any CPU.ActiveCfg = Release|Any CPU
		{620BBD35-EA29-46C4-9D8E-340782AB49ED}.Release|Any CPU.Build.0 = Release|Any CPU
		{FEEF91D9-2DAF-42CF-A277-635C7B52FDAE}.Debug|Any CPU.ActiveCfg = Debug|Any CPU
		{FEEF91D9-2DAF-42CF-A277-635C7B52FDAE}.Debug|Any CPU.Build.0 = Debug|Any CPU
		{FEEF91D9-2DAF-42CF-A277-635C7B52FDAE}.Release|Any CPU.ActiveCfg = Release|Any CPU
		{FEEF91D9-2DAF-42CF-A277-635C7B52FDAE}.Release|Any CPU.Build.0 = Release|Any CPU
		{B65A2CFC-9EB4-4032-B2B1-2A51F079A6D5}.Debug|Any CPU.ActiveCfg = Debug|Any CPU
		{B65A2CFC-9EB4-4032-B2B1-2A51F079A6D5}.Debug|Any CPU.Build.0 = Debug|Any CPU
		{B65A2CFC-9EB4-4032-B2B1-2A51F079A6D5}.Release|Any CPU.ActiveCfg = Release|Any CPU
		{B65A2CFC-9EB4-4032-B2B1-2A51F079A6D5}.Release|Any CPU.Build.0 = Release|Any CPU
	EndGlobalSection
	GlobalSection(SolutionProperties) = preSolution
		HideSolutionNode = FALSE
	EndGlobalSection
	GlobalSection(NestedProjects) = preSolution
		{73F3EC28-F270-400F-8C87-1023F66AAF07} = {931E9837-E2CF-4281-B348-A7393C3D6FDE}
		{01B2DDCA-9984-449E-89B8-3B5B69042A70} = {0DF6820B-43B4-49D2-BED5-953D00214EC7}
		{0F49919F-4BEB-4399-9850-1AD7860EFA53} = {0DF6820B-43B4-49D2-BED5-953D00214EC7}
		{BC6566E4-480D-45D9-9A37-CB667F1E1E7A} = {C2559B5C-4541-4E1F-9A86-6E891E1AA908}
		{4BB07F3E-09EC-4CD2-BF73-114CB0B83481} = {306D1F60-3235-4997-9983-8F6641E34B14}
		{620BBD35-EA29-46C4-9D8E-340782AB49ED} = {AFAFA61C-E65F-4E65-A0F3-8EB56F443B31}
		{FEEF91D9-2DAF-42CF-A277-635C7B52FDAE} = {AFAFA61C-E65F-4E65-A0F3-8EB56F443B31}
		{B65A2CFC-9EB4-4032-B2B1-2A51F079A6D5} = {AFAFA61C-E65F-4E65-A0F3-8EB56F443B31}
	EndGlobalSection
	GlobalSection(ExtensibilityGlobals) = postSolution
		SolutionGuid = {AC87A541-8C53-489E-9B0A-3D63E62F6E42}
	EndGlobalSection
EndGlobal
