
Microsoft Visual Studio Solution File, Format Version 12.00
# Visual Studio 15
VisualStudioVersion = 15.0.26124.0
MinimumVisualStudioVersion = 15.0.26124.0
Project("{9A19103F-16F7-4668-BE54-9A1E7A4F7556}") = "PeopleService", "PeopleService\PeopleService.csproj", "{1D4B5A92-AA4E-4DD1-8F8A-F00ABD134558}"
EndProject
Project("{9A19103F-16F7-4668-BE54-9A1E7A4F7556}") = "PersonRepository", "PersonRepository\PersonRepository.csproj", "{4881F136-AC1D-46E8-9617-649D2F78B4A2}"
EndProject
Project("{9A19103F-16F7-4668-BE54-9A1E7A4F7556}") = "PersonRepository.CSV", "PersonRepository.CSV\PersonRepository.CSV.csproj", "{2F4E72BF-2896-4C10-838F-F09C78EE8D5F}"
EndProject
Project("{9A19103F-16F7-4668-BE54-9A1E7A4F7556}") = "PersonRepository.Data", "PersonRepository.Data\PersonRepository.Data.csproj", "{279B0DD7-63D2-44C2-9C0A-AAD05BD9FD83}"
EndProject
Project("{9A19103F-16F7-4668-BE54-9A1E7A4F7556}") = "PersonRepository.Service", "PersonRepository.Service\PersonRepository.Service.csproj", "{98597463-03B6-489C-B8A9-5D94D1FD37E9}"
EndProject
Project("{2150E333-8FDC-42A3-9474-1A3956D46DE8}") = "Repositories", "Repositories", "{C7CA9BD4-A16D-410D-8D3F-1C1E203F5895}"
EndProject
Project("{2150E333-8FDC-42A3-9474-1A3956D46DE8}") = "Services", "Services", "{6100684D-BC64-4CF0-991E-1D45F1EAB52E}"
EndProject
Project("{2150E333-8FDC-42A3-9474-1A3956D46DE8}") = "UI Interfaces", "UI Interfaces", "{6CA2BC8A-35C9-420E-960E-8C1454C7DEBF}"
EndProject
Project("{FAE04EC0-301F-11D3-BF4B-00C04F79EFBC}") = "PeopleViewer", "PeopleViewer\PeopleViewer.csproj", "{B761E412-A7A0-4045-BB69-0A8380ECB8D2}"
EndProject
Project("{FAE04EC0-301F-11D3-BF4B-00C04F79EFBC}") = "PersonRepository.Factory", "PersonRepository.Factory\PersonRepository.Factory.csproj", "{19874386-5165-49E2-A9B7-AE877CD6DE73}"
EndProject
Project("{FAE04EC0-301F-11D3-BF4B-00C04F79EFBC}") = "PersonRepositoryCaching", "PersonRepositoryCaching\PersonRepositoryCaching.csproj", "{DDB49339-E28F-4D3D-8B03-DA91844216D3}"
EndProject
Global
	GlobalSection(SolutionConfigurationPlatforms) = preSolution
		Debug|Any CPU = Debug|Any CPU
		Debug|x64 = Debug|x64
		Debug|x86 = Debug|x86
		Release|Any CPU = Release|Any CPU
		Release|x64 = Release|x64
		Release|x86 = Release|x86
	EndGlobalSection
	GlobalSection(ProjectConfigurationPlatforms) = postSolution
		{1D4B5A92-AA4E-4DD1-8F8A-F00ABD134558}.Debug|Any CPU.ActiveCfg = Debug|Any CPU
		{1D4B5A92-AA4E-4DD1-8F8A-F00ABD134558}.Debug|Any CPU.Build.0 = Debug|Any CPU
		{1D4B5A92-AA4E-4DD1-8F8A-F00ABD134558}.Debug|x64.ActiveCfg = Debug|Any CPU
		{1D4B5A92-AA4E-4DD1-8F8A-F00ABD134558}.Debug|x64.Build.0 = Debug|Any CPU
		{1D4B5A92-AA4E-4DD1-8F8A-F00ABD134558}.Debug|x86.ActiveCfg = Debug|Any CPU
		{1D4B5A92-AA4E-4DD1-8F8A-F00ABD134558}.Debug|x86.Build.0 = Debug|Any CPU
		{1D4B5A92-AA4E-4DD1-8F8A-F00ABD134558}.Release|Any CPU.ActiveCfg = Release|Any CPU
		{1D4B5A92-AA4E-4DD1-8F8A-F00ABD134558}.Release|Any CPU.Build.0 = Release|Any CPU
		{1D4B5A92-AA4E-4DD1-8F8A-F00ABD134558}.Release|x64.ActiveCfg = Release|Any CPU
		{1D4B5A92-AA4E-4DD1-8F8A-F00ABD134558}.Release|x64.Build.0 = Release|Any CPU
		{1D4B5A92-AA4E-4DD1-8F8A-F00ABD134558}.Release|x86.ActiveCfg = Release|Any CPU
		{1D4B5A92-AA4E-4DD1-8F8A-F00ABD134558}.Release|x86.Build.0 = Release|Any CPU
		{4881F136-AC1D-46E8-9617-649D2F78B4A2}.Debug|Any CPU.ActiveCfg = Debug|Any CPU
		{4881F136-AC1D-46E8-9617-649D2F78B4A2}.Debug|Any CPU.Build.0 = Debug|Any CPU
		{4881F136-AC1D-46E8-9617-649D2F78B4A2}.Debug|x64.ActiveCfg = Debug|Any CPU
		{4881F136-AC1D-46E8-9617-649D2F78B4A2}.Debug|x64.Build.0 = Debug|Any CPU
		{4881F136-AC1D-46E8-9617-649D2F78B4A2}.Debug|x86.ActiveCfg = Debug|Any CPU
		{4881F136-AC1D-46E8-9617-649D2F78B4A2}.Debug|x86.Build.0 = Debug|Any CPU
		{4881F136-AC1D-46E8-9617-649D2F78B4A2}.Release|Any CPU.ActiveCfg = Release|Any CPU
		{4881F136-AC1D-46E8-9617-649D2F78B4A2}.Release|Any CPU.Build.0 = Release|Any CPU
		{4881F136-AC1D-46E8-9617-649D2F78B4A2}.Release|x64.ActiveCfg = Release|Any CPU
		{4881F136-AC1D-46E8-9617-649D2F78B4A2}.Release|x64.Build.0 = Release|Any CPU
		{4881F136-AC1D-46E8-9617-649D2F78B4A2}.Release|x86.ActiveCfg = Release|Any CPU
		{4881F136-AC1D-46E8-9617-649D2F78B4A2}.Release|x86.Build.0 = Release|Any CPU
		{2F4E72BF-2896-4C10-838F-F09C78EE8D5F}.Debug|Any CPU.ActiveCfg = Debug|Any CPU
		{2F4E72BF-2896-4C10-838F-F09C78EE8D5F}.Debug|Any CPU.Build.0 = Debug|Any CPU
		{2F4E72BF-2896-4C10-838F-F09C78EE8D5F}.Debug|x64.ActiveCfg = Debug|Any CPU
		{2F4E72BF-2896-4C10-838F-F09C78EE8D5F}.Debug|x64.Build.0 = Debug|Any CPU
		{2F4E72BF-2896-4C10-838F-F09C78EE8D5F}.Debug|x86.ActiveCfg = Debug|Any CPU
		{2F4E72BF-2896-4C10-838F-F09C78EE8D5F}.Debug|x86.Build.0 = Debug|Any CPU
		{2F4E72BF-2896-4C10-838F-F09C78EE8D5F}.Release|Any CPU.ActiveCfg = Release|Any CPU
		{2F4E72BF-2896-4C10-838F-F09C78EE8D5F}.Release|Any CPU.Build.0 = Release|Any CPU
		{2F4E72BF-2896-4C10-838F-F09C78EE8D5F}.Release|x64.ActiveCfg = Release|Any CPU
		{2F4E72BF-2896-4C10-838F-F09C78EE8D5F}.Release|x64.Build.0 = Release|Any CPU
		{2F4E72BF-2896-4C10-838F-F09C78EE8D5F}.Release|x86.ActiveCfg = Release|Any CPU
		{2F4E72BF-2896-4C10-838F-F09C78EE8D5F}.Release|x86.Build.0 = Release|Any CPU
		{279B0DD7-63D2-44C2-9C0A-AAD05BD9FD83}.Debug|Any CPU.ActiveCfg = Debug|Any CPU
		{279B0DD7-63D2-44C2-9C0A-AAD05BD9FD83}.Debug|Any CPU.Build.0 = Debug|Any CPU
		{279B0DD7-63D2-44C2-9C0A-AAD05BD9FD83}.Debug|x64.ActiveCfg = Debug|Any CPU
		{279B0DD7-63D2-44C2-9C0A-AAD05BD9FD83}.Debug|x64.Build.0 = Debug|Any CPU
		{279B0DD7-63D2-44C2-9C0A-AAD05BD9FD83}.Debug|x86.ActiveCfg = Debug|Any CPU
		{279B0DD7-63D2-44C2-9C0A-AAD05BD9FD83}.Debug|x86.Build.0 = Debug|Any CPU
		{279B0DD7-63D2-44C2-9C0A-AAD05BD9FD83}.Release|Any CPU.ActiveCfg = Release|Any CPU
		{279B0DD7-63D2-44C2-9C0A-AAD05BD9FD83}.Release|Any CPU.Build.0 = Release|Any CPU
		{279B0DD7-63D2-44C2-9C0A-AAD05BD9FD83}.Release|x64.ActiveCfg = Release|Any CPU
		{279B0DD7-63D2-44C2-9C0A-AAD05BD9FD83}.Release|x64.Build.0 = Release|Any CPU
		{279B0DD7-63D2-44C2-9C0A-AAD05BD9FD83}.Release|x86.ActiveCfg = Release|Any CPU
		{279B0DD7-63D2-44C2-9C0A-AAD05BD9FD83}.Release|x86.Build.0 = Release|Any CPU
		{98597463-03B6-489C-B8A9-5D94D1FD37E9}.Debug|Any CPU.ActiveCfg = Debug|Any CPU
		{98597463-03B6-489C-B8A9-5D94D1FD37E9}.Debug|Any CPU.Build.0 = Debug|Any CPU
		{98597463-03B6-489C-B8A9-5D94D1FD37E9}.Debug|x64.ActiveCfg = Debug|Any CPU
		{98597463-03B6-489C-B8A9-5D94D1FD37E9}.Debug|x64.Build.0 = Debug|Any CPU
		{98597463-03B6-489C-B8A9-5D94D1FD37E9}.Debug|x86.ActiveCfg = Debug|Any CPU
		{98597463-03B6-489C-B8A9-5D94D1FD37E9}.Debug|x86.Build.0 = Debug|Any CPU
		{98597463-03B6-489C-B8A9-5D94D1FD37E9}.Release|Any CPU.ActiveCfg = Release|Any CPU
		{98597463-03B6-489C-B8A9-5D94D1FD37E9}.Release|Any CPU.Build.0 = Release|Any CPU
		{98597463-03B6-489C-B8A9-5D94D1FD37E9}.Release|x64.ActiveCfg = Release|Any CPU
		{98597463-03B6-489C-B8A9-5D94D1FD37E9}.Release|x64.Build.0 = Release|Any CPU
		{98597463-03B6-489C-B8A9-5D94D1FD37E9}.Release|x86.ActiveCfg = Release|Any CPU
		{98597463-03B6-489C-B8A9-5D94D1FD37E9}.Release|x86.Build.0 = Release|Any CPU
		{B761E412-A7A0-4045-BB69-0A8380ECB8D2}.Debug|Any CPU.ActiveCfg = Debug|Any CPU
		{B761E412-A7A0-4045-BB69-0A8380ECB8D2}.Debug|Any CPU.Build.0 = Debug|Any CPU
		{B761E412-A7A0-4045-BB69-0A8380ECB8D2}.Debug|x64.ActiveCfg = Debug|Any CPU
		{B761E412-A7A0-4045-BB69-0A8380ECB8D2}.Debug|x64.Build.0 = Debug|Any CPU
		{B761E412-A7A0-4045-BB69-0A8380ECB8D2}.Debug|x86.ActiveCfg = Debug|Any CPU
		{B761E412-A7A0-4045-BB69-0A8380ECB8D2}.Debug|x86.Build.0 = Debug|Any CPU
		{B761E412-A7A0-4045-BB69-0A8380ECB8D2}.Release|Any CPU.ActiveCfg = Release|Any CPU
		{B761E412-A7A0-4045-BB69-0A8380ECB8D2}.Release|Any CPU.Build.0 = Release|Any CPU
		{B761E412-A7A0-4045-BB69-0A8380ECB8D2}.Release|x64.ActiveCfg = Release|Any CPU
		{B761E412-A7A0-4045-BB69-0A8380ECB8D2}.Release|x64.Build.0 = Release|Any CPU
		{B761E412-A7A0-4045-BB69-0A8380ECB8D2}.Release|x86.ActiveCfg = Release|Any CPU
		{B761E412-A7A0-4045-BB69-0A8380ECB8D2}.Release|x86.Build.0 = Release|Any CPU
		{19874386-5165-49E2-A9B7-AE877CD6DE73}.Debug|Any CPU.ActiveCfg = Debug|Any CPU
		{19874386-5165-49E2-A9B7-AE877CD6DE73}.Debug|Any CPU.Build.0 = Debug|Any CPU
		{19874386-5165-49E2-A9B7-AE877CD6DE73}.Debug|x64.ActiveCfg = Debug|Any CPU
		{19874386-5165-49E2-A9B7-AE877CD6DE73}.Debug|x64.Build.0 = Debug|Any CPU
		{19874386-5165-49E2-A9B7-AE877CD6DE73}.Debug|x86.ActiveCfg = Debug|Any CPU
		{19874386-5165-49E2-A9B7-AE877CD6DE73}.Debug|x86.Build.0 = Debug|Any CPU
		{19874386-5165-49E2-A9B7-AE877CD6DE73}.Release|Any CPU.ActiveCfg = Release|Any CPU
		{19874386-5165-49E2-A9B7-AE877CD6DE73}.Release|Any CPU.Build.0 = Release|Any CPU
		{19874386-5165-49E2-A9B7-AE877CD6DE73}.Release|x64.ActiveCfg = Release|Any CPU
		{19874386-5165-49E2-A9B7-AE877CD6DE73}.Release|x64.Build.0 = Release|Any CPU
		{19874386-5165-49E2-A9B7-AE877CD6DE73}.Release|x86.ActiveCfg = Release|Any CPU
		{19874386-5165-49E2-A9B7-AE877CD6DE73}.Release|x86.Build.0 = Release|Any CPU
		{DDB49339-E28F-4D3D-8B03-DA91844216D3}.Debug|Any CPU.ActiveCfg = Debug|Any CPU
		{DDB49339-E28F-4D3D-8B03-DA91844216D3}.Debug|Any CPU.Build.0 = Debug|Any CPU
		{DDB49339-E28F-4D3D-8B03-DA91844216D3}.Debug|x64.ActiveCfg = Debug|Any CPU
		{DDB49339-E28F-4D3D-8B03-DA91844216D3}.Debug|x64.Build.0 = Debug|Any CPU
		{DDB49339-E28F-4D3D-8B03-DA91844216D3}.Debug|x86.ActiveCfg = Debug|Any CPU
		{DDB49339-E28F-4D3D-8B03-DA91844216D3}.Debug|x86.Build.0 = Debug|Any CPU
		{DDB49339-E28F-4D3D-8B03-DA91844216D3}.Release|Any CPU.ActiveCfg = Release|Any CPU
		{DDB49339-E28F-4D3D-8B03-DA91844216D3}.Release|Any CPU.Build.0 = Release|Any CPU
		{DDB49339-E28F-4D3D-8B03-DA91844216D3}.Release|x64.ActiveCfg = Release|Any CPU
		{DDB49339-E28F-4D3D-8B03-DA91844216D3}.Release|x64.Build.0 = Release|Any CPU
		{DDB49339-E28F-4D3D-8B03-DA91844216D3}.Release|x86.ActiveCfg = Release|Any CPU
		{DDB49339-E28F-4D3D-8B03-DA91844216D3}.Release|x86.Build.0 = Release|Any CPU
	EndGlobalSection
	GlobalSection(SolutionProperties) = preSolution
		HideSolutionNode = FALSE
	EndGlobalSection
	GlobalSection(NestedProjects) = preSolution
		{1D4B5A92-AA4E-4DD1-8F8A-F00ABD134558} = {6100684D-BC64-4CF0-991E-1D45F1EAB52E}
		{4881F136-AC1D-46E8-9617-649D2F78B4A2} = {C7CA9BD4-A16D-410D-8D3F-1C1E203F5895}
		{2F4E72BF-2896-4C10-838F-F09C78EE8D5F} = {C7CA9BD4-A16D-410D-8D3F-1C1E203F5895}
		{279B0DD7-63D2-44C2-9C0A-AAD05BD9FD83} = {C7CA9BD4-A16D-410D-8D3F-1C1E203F5895}
		{98597463-03B6-489C-B8A9-5D94D1FD37E9} = {C7CA9BD4-A16D-410D-8D3F-1C1E203F5895}
		{B761E412-A7A0-4045-BB69-0A8380ECB8D2} = {6CA2BC8A-35C9-420E-960E-8C1454C7DEBF}
		{19874386-5165-49E2-A9B7-AE877CD6DE73} = {C7CA9BD4-A16D-410D-8D3F-1C1E203F5895}
		{DDB49339-E28F-4D3D-8B03-DA91844216D3} = {C7CA9BD4-A16D-410D-8D3F-1C1E203F5895}
	EndGlobalSection
	GlobalSection(ExtensibilityGlobals) = postSolution
		SolutionGuid = {3FEF8564-B928-4660-A033-02599C88A937}
	EndGlobalSection
EndGlobal
